{
  "name": "flask",
  "lockfileVersion": 3,
  "requires": true,
  "packages": {
    "": {
      "dependencies": {
        "paython": "^9.0.1",
        "python": "^0.0.4"
      }
    },
    "node_modules/paython": {
      "version": "9.0.1",
      "resolved": "https://registry.npmjs.org/paython/-/paython-9.0.1.tgz",
      "integrity": "sha512-1g4tm6XRx5aWtz2uojE8oOnxQo3d7XYhZYZZQXnGBTi97MBxVw8+Y8Exq8yU6lN3P6FJ9aUxBjrKrXQ1QTCuQA==",
      "license": "ISC"
    },
    "node_modules/python": {
      "version": "0.0.4",
      "resolved": "https://registry.npmjs.org/python/-/python-0.0.4.tgz",
      "integrity": "sha512-7avKA/6XxrwcGSDes8xGn7FHAUdAUQXKHtpjDulyv5/nm7TcPblmPRvXjjwx5knWHqeRiipqH/TZR2HhmJ4CGQ==",
      "engines": {
        "node": ">= 0.4.1"
      }
    }
  }
}
